// !$*UTF8*$!
{
	archiveVersion = 1;
	classes = {
	};
	objectVersion = 55;
	objects = {

/* Begin PBXBuildFile section */
		3CF1DF0F281833E900632152 /* DeliveryTrackerApp.swift in Sources */ = {isa = PBXBuildFile; fileRef = 3CF1DF0E281833E900632152 /* DeliveryTrackerApp.swift */; };
		3CF1DF13281833EB00632152 /* Assets.xcassets in Resources */ = {isa = PBXBuildFile; fileRef = 3CF1DF12281833EB00632152 /* Assets.xcassets */; };
		3CF1DF16281833EB00632152 /* Preview Assets.xcassets in Resources */ = {isa = PBXBuildFile; fileRef = 3CF1DF15281833EB00632152 /* Preview Assets.xcassets */; };
		3CF1DF20281833EB00632152 /* DeliveryTrackerTests.swift in Sources */ = {isa = PBXBuildFile; fileRef = 3CF1DF1F281833EB00632152 /* DeliveryTrackerTests.swift */; };
		3CF1DF3A2818360600632152 /* NetworkController.swift in Sources */ = {isa = PBXBuildFile; fileRef = 3CF1DF392818360600632152 /* NetworkController.swift */; };
		3CF1DF3D2818363200632152 /* NetworkRequest.swift in Sources */ = {isa = PBXBuildFile; fileRef = 3CF1DF3C2818363200632152 /* NetworkRequest.swift */; };
		3CF1DF3F2818366C00632152 /* NetworkError.swift in Sources */ = {isa = PBXBuildFile; fileRef = 3CF1DF3E2818366C00632152 /* NetworkError.swift */; };
		3CF1DF412818368F00632152 /* JSONRequest.swift in Sources */ = {isa = PBXBuildFile; fileRef = 3CF1DF402818368F00632152 /* JSONRequest.swift */; };
		3CF1DF472818379700632152 /* AppAPI.swift in Sources */ = {isa = PBXBuildFile; fileRef = 3CF1DF462818379700632152 /* AppAPI.swift */; };
		3CF1DF4A2818399E00632152 /* ResidentListView.swift in Sources */ = {isa = PBXBuildFile; fileRef = 3CF1DF492818399E00632152 /* ResidentListView.swift */; };
		3CF1DF4C28183A1F00632152 /* ResidentListViewModel.swift in Sources */ = {isa = PBXBuildFile; fileRef = 3CF1DF4B28183A1F00632152 /* ResidentListViewModel.swift */; };
		3CF1DF5028183A8E00632152 /* Resident.swift in Sources */ = {isa = PBXBuildFile; fileRef = 3CF1DF4F28183A8E00632152 /* Resident.swift */; };
		3CF1DF5228183B3400632152 /* AppDelegate.swift in Sources */ = {isa = PBXBuildFile; fileRef = 3CF1DF5128183B3400632152 /* AppDelegate.swift */; };
		3CF1DF5428183D7F00632152 /* Package.swift in Sources */ = {isa = PBXBuildFile; fileRef = 3CF1DF5328183D7F00632152 /* Package.swift */; };
		3CF1DF58281841F700632152 /* PackageNetworkModel.swift in Sources */ = {isa = PBXBuildFile; fileRef = 3CF1DF57281841F700632152 /* PackageNetworkModel.swift */; };
		3CF1DF5A281843F200632152 /* Endpoint.swift in Sources */ = {isa = PBXBuildFile; fileRef = 3CF1DF59281843F200632152 /* Endpoint.swift */; };
		3CF1DF5C281846CA00632152 /* EmptyNetworkModel.swift in Sources */ = {isa = PBXBuildFile; fileRef = 3CF1DF5B281846CA00632152 /* EmptyNetworkModel.swift */; };
		3CF1DF5E28184FE100632152 /* ResidentRowView.swift in Sources */ = {isa = PBXBuildFile; fileRef = 3CF1DF5D28184FE100632152 /* ResidentRowView.swift */; };
		3CF1DF60281851A400632152 /* AppImage.swift in Sources */ = {isa = PBXBuildFile; fileRef = 3CF1DF5F281851A400632152 /* AppImage.swift */; };
		3CF1DF622818554B00632152 /* PackagesView.swift in Sources */ = {isa = PBXBuildFile; fileRef = 3CF1DF612818554B00632152 /* PackagesView.swift */; };
		3CF1DF64281855AA00632152 /* UIParameters.swift in Sources */ = {isa = PBXBuildFile; fileRef = 3CF1DF63281855AA00632152 /* UIParameters.swift */; };
		3CF1DF66281856C000632152 /* ViewModifiers.swift in Sources */ = {isa = PBXBuildFile; fileRef = 3CF1DF65281856C000632152 /* ViewModifiers.swift */; };
		3CF1DF682818571100632152 /* Colors.swift in Sources */ = {isa = PBXBuildFile; fileRef = 3CF1DF672818571100632152 /* Colors.swift */; };
		3CF1DF6A2818900900632152 /* NotificationButton.swift in Sources */ = {isa = PBXBuildFile; fileRef = 3CF1DF692818900900632152 /* NotificationButton.swift */; };
		3CF1DF6C281891E100632152 /* NotificationNetworkModel.swift in Sources */ = {isa = PBXBuildFile; fileRef = 3CF1DF6B281891E100632152 /* NotificationNetworkModel.swift */; };
		3CF1DF6E2819330600632152 /* PresentedAlert.swift in Sources */ = {isa = PBXBuildFile; fileRef = 3CF1DF6D2819330600632152 /* PresentedAlert.swift */; };
		3CF1DF70281938D000632152 /* Defaultable.swift in Sources */ = {isa = PBXBuildFile; fileRef = 3CF1DF6F281938D000632152 /* Defaultable.swift */; };
/* End PBXBuildFile section */

/* Begin PBXContainerItemProxy section */
		3CF1DF1C281833EB00632152 /* PBXContainerItemProxy */ = {
			isa = PBXContainerItemProxy;
			containerPortal = 3CF1DF03281833E900632152 /* Project object */;
			proxyType = 1;
			remoteGlobalIDString = 3CF1DF0A281833E900632152;
			remoteInfo = DeliveryTracker;
		};
/* End PBXContainerItemProxy section */

/* Begin PBXFileReference section */
		3CF1DF0B281833E900632152 /* DeliveryTracker.app */ = {isa = PBXFileReference; explicitFileType = wrapper.application; includeInIndex = 0; path = DeliveryTracker.app; sourceTree = BUILT_PRODUCTS_DIR; };
		3CF1DF0E281833E900632152 /* DeliveryTrackerApp.swift */ = {isa = PBXFileReference; lastKnownFileType = sourcecode.swift; path = DeliveryTrackerApp.swift; sourceTree = "<group>"; };
		3CF1DF12281833EB00632152 /* Assets.xcassets */ = {isa = PBXFileReference; lastKnownFileType = folder.assetcatalog; path = Assets.xcassets; sourceTree = "<group>"; };
		3CF1DF15281833EB00632152 /* Preview Assets.xcassets */ = {isa = PBXFileReference; lastKnownFileType = folder.assetcatalog; path = "Preview Assets.xcassets"; sourceTree = "<group>"; };
		3CF1DF1B281833EB00632152 /* DeliveryTrackerTests.xctest */ = {isa = PBXFileReference; explicitFileType = wrapper.cfbundle; includeInIndex = 0; path = DeliveryTrackerTests.xctest; sourceTree = BUILT_PRODUCTS_DIR; };
		3CF1DF1F281833EB00632152 /* DeliveryTrackerTests.swift */ = {isa = PBXFileReference; lastKnownFileType = sourcecode.swift; path = DeliveryTrackerTests.swift; sourceTree = "<group>"; };
		3CF1DF392818360600632152 /* NetworkController.swift */ = {isa = PBXFileReference; lastKnownFileType = sourcecode.swift; path = NetworkController.swift; sourceTree = "<group>"; };
		3CF1DF3C2818363200632152 /* NetworkRequest.swift */ = {isa = PBXFileReference; lastKnownFileType = sourcecode.swift; path = NetworkRequest.swift; sourceTree = "<group>"; };
		3CF1DF3E2818366C00632152 /* NetworkError.swift */ = {isa = PBXFileReference; lastKnownFileType = sourcecode.swift; path = NetworkError.swift; sourceTree = "<group>"; };
		3CF1DF402818368F00632152 /* JSONRequest.swift */ = {isa = PBXFileReference; lastKnownFileType = sourcecode.swift; path = JSONRequest.swift; sourceTree = "<group>"; };
		3CF1DF462818379700632152 /* AppAPI.swift */ = {isa = PBXFileReference; lastKnownFileType = sourcecode.swift; path = AppAPI.swift; sourceTree = "<group>"; };
		3CF1DF492818399E00632152 /* ResidentListView.swift */ = {isa = PBXFileReference; lastKnownFileType = sourcecode.swift; path = ResidentListView.swift; sourceTree = "<group>"; };
		3CF1DF4B28183A1F00632152 /* ResidentListViewModel.swift */ = {isa = PBXFileReference; lastKnownFileType = sourcecode.swift; path = ResidentListViewModel.swift; sourceTree = "<group>"; };
		3CF1DF4F28183A8E00632152 /* Resident.swift */ = {isa = PBXFileReference; lastKnownFileType = sourcecode.swift; path = Resident.swift; sourceTree = "<group>"; };
		3CF1DF5128183B3400632152 /* AppDelegate.swift */ = {isa = PBXFileReference; lastKnownFileType = sourcecode.swift; path = AppDelegate.swift; sourceTree = "<group>"; };
		3CF1DF5328183D7F00632152 /* Package.swift */ = {isa = PBXFileReference; lastKnownFileType = sourcecode.swift; path = Package.swift; sourceTree = "<group>"; };
		3CF1DF57281841F700632152 /* PackageNetworkModel.swift */ = {isa = PBXFileReference; lastKnownFileType = sourcecode.swift; path = PackageNetworkModel.swift; sourceTree = "<group>"; };
		3CF1DF59281843F200632152 /* Endpoint.swift */ = {isa = PBXFileReference; lastKnownFileType = sourcecode.swift; path = Endpoint.swift; sourceTree = "<group>"; };
		3CF1DF5B281846CA00632152 /* EmptyNetworkModel.swift */ = {isa = PBXFileReference; lastKnownFileType = sourcecode.swift; path = EmptyNetworkModel.swift; sourceTree = "<group>"; };
		3CF1DF5D28184FE100632152 /* ResidentRowView.swift */ = {isa = PBXFileReference; lastKnownFileType = sourcecode.swift; path = ResidentRowView.swift; sourceTree = "<group>"; };
		3CF1DF5F281851A400632152 /* AppImage.swift */ = {isa = PBXFileReference; lastKnownFileType = sourcecode.swift; path = AppImage.swift; sourceTree = "<group>"; };
		3CF1DF612818554B00632152 /* PackagesView.swift */ = {isa = PBXFileReference; lastKnownFileType = sourcecode.swift; path = PackagesView.swift; sourceTree = "<group>"; };
		3CF1DF63281855AA00632152 /* UIParameters.swift */ = {isa = PBXFileReference; lastKnownFileType = sourcecode.swift; path = UIParameters.swift; sourceTree = "<group>"; };
		3CF1DF65281856C000632152 /* ViewModifiers.swift */ = {isa = PBXFileReference; lastKnownFileType = sourcecode.swift; path = ViewModifiers.swift; sourceTree = "<group>"; };
		3CF1DF672818571100632152 /* Colors.swift */ = {isa = PBXFileReference; lastKnownFileType = sourcecode.swift; path = Colors.swift; sourceTree = "<group>"; };
		3CF1DF692818900900632152 /* NotificationButton.swift */ = {isa = PBXFileReference; lastKnownFileType = sourcecode.swift; path = NotificationButton.swift; sourceTree = "<group>"; };
		3CF1DF6B281891E100632152 /* NotificationNetworkModel.swift */ = {isa = PBXFileReference; lastKnownFileType = sourcecode.swift; path = NotificationNetworkModel.swift; sourceTree = "<group>"; };
		3CF1DF6D2819330600632152 /* PresentedAlert.swift */ = {isa = PBXFileReference; lastKnownFileType = sourcecode.swift; path = PresentedAlert.swift; sourceTree = "<group>"; };
		3CF1DF6F281938D000632152 /* Defaultable.swift */ = {isa = PBXFileReference; lastKnownFileType = sourcecode.swift; path = Defaultable.swift; sourceTree = "<group>"; };
/* End PBXFileReference section */

/* Begin PBXFrameworksBuildPhase section */
		3CF1DF08281833E900632152 /* Frameworks */ = {
			isa = PBXFrameworksBuildPhase;
			buildActionMask = 2147483647;
			files = (
			);
			runOnlyForDeploymentPostprocessing = 0;
		};
		3CF1DF18281833EB00632152 /* Frameworks */ = {
			isa = PBXFrameworksBuildPhase;
			buildActionMask = 2147483647;
			files = (
			);
			runOnlyForDeploymentPostprocessing = 0;
		};
/* End PBXFrameworksBuildPhase section */

/* Begin PBXGroup section */
		3CF1DF02281833E900632152 = {
			isa = PBXGroup;
			children = (
				3CF1DF0D281833E900632152 /* DeliveryTracker */,
				3CF1DF1E281833EB00632152 /* DeliveryTrackerTests */,
				3CF1DF0C281833E900632152 /* Products */,
			);
			sourceTree = "<group>";
		};
		3CF1DF0C281833E900632152 /* Products */ = {
			isa = PBXGroup;
			children = (
				3CF1DF0B281833E900632152 /* DeliveryTracker.app */,
				3CF1DF1B281833EB00632152 /* DeliveryTrackerTests.xctest */,
			);
			name = Products;
			sourceTree = "<group>";
		};
		3CF1DF0D281833E900632152 /* DeliveryTracker */ = {
			isa = PBXGroup;
			children = (
				3CF1DF0E281833E900632152 /* DeliveryTrackerApp.swift */,
				3CF1DF5128183B3400632152 /* AppDelegate.swift */,
				3CF1DF482818396000632152 /* View */,
				3CF1DF4D28183A3000632152 /* ViewModel */,
				3CF1DF4E28183A8100632152 /* Model */,
				3CF1DF38281835F900632152 /* Network */,
				3CF1DF12281833EB00632152 /* Assets.xcassets */,
				3CF1DF14281833EB00632152 /* Preview Content */,
			);
			path = DeliveryTracker;
			sourceTree = "<group>";
		};
		3CF1DF14281833EB00632152 /* Preview Content */ = {
			isa = PBXGroup;
			children = (
				3CF1DF15281833EB00632152 /* Preview Assets.xcassets */,
			);
			path = "Preview Content";
			sourceTree = "<group>";
		};
		3CF1DF1E281833EB00632152 /* DeliveryTrackerTests */ = {
			isa = PBXGroup;
			children = (
				3CF1DF1F281833EB00632152 /* DeliveryTrackerTests.swift */,
			);
			path = DeliveryTrackerTests;
			sourceTree = "<group>";
		};
		3CF1DF38281835F900632152 /* Network */ = {
			isa = PBXGroup;
			children = (
				3CF1DF3B2818362600632152 /* Requests */,
				3CF1DF462818379700632152 /* AppAPI.swift */,
				3CF1DF392818360600632152 /* NetworkController.swift */,
				3CF1DF3E2818366C00632152 /* NetworkError.swift */,
				3CF1DF59281843F200632152 /* Endpoint.swift */,
			);
			path = Network;
			sourceTree = "<group>";
		};
		3CF1DF3B2818362600632152 /* Requests */ = {
			isa = PBXGroup;
			children = (
				3CF1DF3C2818363200632152 /* NetworkRequest.swift */,
				3CF1DF402818368F00632152 /* JSONRequest.swift */,
			);
			path = Requests;
			sourceTree = "<group>";
		};
		3CF1DF482818396000632152 /* View */ = {
			isa = PBXGroup;
			children = (
				3CF1DF492818399E00632152 /* ResidentListView.swift */,
				3CF1DF5D28184FE100632152 /* ResidentRowView.swift */,
				3CF1DF5F281851A400632152 /* AppImage.swift */,
				3CF1DF612818554B00632152 /* PackagesView.swift */,
				3CF1DF63281855AA00632152 /* UIParameters.swift */,
				3CF1DF65281856C000632152 /* ViewModifiers.swift */,
				3CF1DF672818571100632152 /* Colors.swift */,
				3CF1DF692818900900632152 /* NotificationButton.swift */,
				3CF1DF6D2819330600632152 /* PresentedAlert.swift */,
			);
			path = View;
			sourceTree = "<group>";
		};
		3CF1DF4D28183A3000632152 /* ViewModel */ = {
			isa = PBXGroup;
			children = (
				3CF1DF4B28183A1F00632152 /* ResidentListViewModel.swift */,
			);
			path = ViewModel;
			sourceTree = "<group>";
		};
		3CF1DF4E28183A8100632152 /* Model */ = {
			isa = PBXGroup;
			children = (
				3CF1DF6F281938D000632152 /* Defaultable.swift */,
				3CF1DF55281841A900632152 /* AppModels */,
				3CF1DF56281841B700632152 /* NetworkModels */,
			);
			path = Model;
			sourceTree = "<group>";
		};
		3CF1DF55281841A900632152 /* AppModels */ = {
			isa = PBXGroup;
			children = (
				3CF1DF4F28183A8E00632152 /* Resident.swift */,
				3CF1DF5328183D7F00632152 /* Package.swift */,
			);
			path = AppModels;
			sourceTree = "<group>";
		};
		3CF1DF56281841B700632152 /* NetworkModels */ = {
			isa = PBXGroup;
			children = (
				3CF1DF57281841F700632152 /* PackageNetworkModel.swift */,
				3CF1DF6B281891E100632152 /* NotificationNetworkModel.swift */,
				3CF1DF5B281846CA00632152 /* EmptyNetworkModel.swift */,
			);
			path = NetworkModels;
			sourceTree = "<group>";
		};
/* End PBXGroup section */

/* Begin PBXNativeTarget section */
		3CF1DF0A281833E900632152 /* DeliveryTracker */ = {
			isa = PBXNativeTarget;
			buildConfigurationList = 3CF1DF2F281833EB00632152 /* Build configuration list for PBXNativeTarget "DeliveryTracker" */;
			buildPhases = (
				3CF1DF07281833E900632152 /* Sources */,
				3CF1DF08281833E900632152 /* Frameworks */,
				3CF1DF09281833E900632152 /* Resources */,
			);
			buildRules = (
			);
			dependencies = (
			);
			name = DeliveryTracker;
			productName = DeliveryTracker;
			productReference = 3CF1DF0B281833E900632152 /* DeliveryTracker.app */;
			productType = "com.apple.product-type.application";
		};
		3CF1DF1A281833EB00632152 /* DeliveryTrackerTests */ = {
			isa = PBXNativeTarget;
			buildConfigurationList = 3CF1DF32281833EB00632152 /* Build configuration list for PBXNativeTarget "DeliveryTrackerTests" */;
			buildPhases = (
				3CF1DF17281833EB00632152 /* Sources */,
				3CF1DF18281833EB00632152 /* Frameworks */,
				3CF1DF19281833EB00632152 /* Resources */,
			);
			buildRules = (
			);
			dependencies = (
				3CF1DF1D281833EB00632152 /* PBXTargetDependency */,
			);
			name = DeliveryTrackerTests;
			productName = DeliveryTrackerTests;
			productReference = 3CF1DF1B281833EB00632152 /* DeliveryTrackerTests.xctest */;
			productType = "com.apple.product-type.bundle.unit-test";
		};
/* End PBXNativeTarget section */

/* Begin PBXProject section */
		3CF1DF03281833E900632152 /* Project object */ = {
			isa = PBXProject;
			attributes = {
				BuildIndependentTargetsInParallel = 1;
				LastSwiftUpdateCheck = 1330;
				LastUpgradeCheck = 1330;
				TargetAttributes = {
					3CF1DF0A281833E900632152 = {
						CreatedOnToolsVersion = 13.3.1;
					};
					3CF1DF1A281833EB00632152 = {
						CreatedOnToolsVersion = 13.3.1;
						TestTargetID = 3CF1DF0A281833E900632152;
					};
				};
			};
			buildConfigurationList = 3CF1DF06281833E900632152 /* Build configuration list for PBXProject "DeliveryTracker" */;
			compatibilityVersion = "Xcode 13.0";
			developmentRegion = en;
			hasScannedForEncodings = 0;
			knownRegions = (
				en,
				Base,
			);
			mainGroup = 3CF1DF02281833E900632152;
			productRefGroup = 3CF1DF0C281833E900632152 /* Products */;
			projectDirPath = "";
			projectRoot = "";
			targets = (
				3CF1DF0A281833E900632152 /* DeliveryTracker */,
				3CF1DF1A281833EB00632152 /* DeliveryTrackerTests */,
			);
		};
/* End PBXProject section */

/* Begin PBXResourcesBuildPhase section */
		3CF1DF09281833E900632152 /* Resources */ = {
			isa = PBXResourcesBuildPhase;
			buildActionMask = 2147483647;
			files = (
				3CF1DF16281833EB00632152 /* Preview Assets.xcassets in Resources */,
				3CF1DF13281833EB00632152 /* Assets.xcassets in Resources */,
			);
			runOnlyForDeploymentPostprocessing = 0;
		};
		3CF1DF19281833EB00632152 /* Resources */ = {
			isa = PBXResourcesBuildPhase;
			buildActionMask = 2147483647;
			files = (
			);
			runOnlyForDeploymentPostprocessing = 0;
		};
/* End PBXResourcesBuildPhase section */

/* Begin PBXSourcesBuildPhase section */
		3CF1DF07281833E900632152 /* Sources */ = {
			isa = PBXSourcesBuildPhase;
			buildActionMask = 2147483647;
			files = (
				3CF1DF5228183B3400632152 /* AppDelegate.swift in Sources */,
				3CF1DF682818571100632152 /* Colors.swift in Sources */,
				3CF1DF0F281833E900632152 /* DeliveryTrackerApp.swift in Sources */,
				3CF1DF5028183A8E00632152 /* Resident.swift in Sources */,
				3CF1DF66281856C000632152 /* ViewModifiers.swift in Sources */,
				3CF1DF622818554B00632152 /* PackagesView.swift in Sources */,
				3CF1DF6A2818900900632152 /* NotificationButton.swift in Sources */,
				3CF1DF5E28184FE100632152 /* ResidentRowView.swift in Sources */,
				3CF1DF5A281843F200632152 /* Endpoint.swift in Sources */,
				3CF1DF6E2819330600632152 /* PresentedAlert.swift in Sources */,
				3CF1DF4C28183A1F00632152 /* ResidentListViewModel.swift in Sources */,
				3CF1DF3D2818363200632152 /* NetworkRequest.swift in Sources */,
				3CF1DF4A2818399E00632152 /* ResidentListView.swift in Sources */,
				3CF1DF5C281846CA00632152 /* EmptyNetworkModel.swift in Sources */,
				3CF1DF3A2818360600632152 /* NetworkController.swift in Sources */,
				3CF1DF3F2818366C00632152 /* NetworkError.swift in Sources */,
				3CF1DF412818368F00632152 /* JSONRequest.swift in Sources */,
				3CF1DF64281855AA00632152 /* UIParameters.swift in Sources */,
				3CF1DF58281841F700632152 /* PackageNetworkModel.swift in Sources */,
				3CF1DF60281851A400632152 /* AppImage.swift in Sources */,
				3CF1DF6C281891E100632152 /* NotificationNetworkModel.swift in Sources */,
				3CF1DF70281938D000632152 /* Defaultable.swift in Sources */,
				3CF1DF472818379700632152 /* AppAPI.swift in Sources */,
				3CF1DF5428183D7F00632152 /* Package.swift in Sources */,
			);
			runOnlyForDeploymentPostprocessing = 0;
		};
		3CF1DF17281833EB00632152 /* Sources */ = {
			isa = PBXSourcesBuildPhase;
			buildActionMask = 2147483647;
			files = (
				3CF1DF20281833EB00632152 /* DeliveryTrackerTests.swift in Sources */,
			);
			runOnlyForDeploymentPostprocessing = 0;
		};
/* End PBXSourcesBuildPhase section */

/* Begin PBXTargetDependency section */
		3CF1DF1D281833EB00632152 /* PBXTargetDependency */ = {
			isa = PBXTargetDependency;
			target = 3CF1DF0A281833E900632152 /* DeliveryTracker */;
			targetProxy = 3CF1DF1C281833EB00632152 /* PBXContainerItemProxy */;
		};
/* End PBXTargetDependency section */

/* Begin XCBuildConfiguration section */
		3CF1DF2D281833EB00632152 /* Debug */ = {
			isa = XCBuildConfiguration;
			buildSettings = {
				ALWAYS_SEARCH_USER_PATHS = NO;
				CLANG_ANALYZER_NONNULL = YES;
				CLANG_ANALYZER_NUMBER_OBJECT_CONVERSION = YES_AGGRESSIVE;
				CLANG_CXX_LANGUAGE_STANDARD = "gnu++17";
				CLANG_ENABLE_MODULES = YES;
				CLANG_ENABLE_OBJC_ARC = YES;
				CLANG_ENABLE_OBJC_WEAK = YES;
				CLANG_WARN_BLOCK_CAPTURE_AUTORELEASING = YES;
				CLANG_WARN_BOOL_CONVERSION = YES;
				CLANG_WARN_COMMA = YES;
				CLANG_WARN_CONSTANT_CONVERSION = YES;
				CLANG_WARN_DEPRECATED_OBJC_IMPLEMENTATIONS = YES;
				CLANG_WARN_DIRECT_OBJC_ISA_USAGE = YES_ERROR;
				CLANG_WARN_DOCUMENTATION_COMMENTS = YES;
				CLANG_WARN_EMPTY_BODY = YES;
				CLANG_WARN_ENUM_CONVERSION = YES;
				CLANG_WARN_INFINITE_RECURSION = YES;
				CLANG_WARN_INT_CONVERSION = YES;
				CLANG_WARN_NON_LITERAL_NULL_CONVERSION = YES;
				CLANG_WARN_OBJC_IMPLICIT_RETAIN_SELF = YES;
				CLANG_WARN_OBJC_LITERAL_CONVERSION = YES;
				CLANG_WARN_OBJC_ROOT_CLASS = YES_ERROR;
				CLANG_WARN_QUOTED_INCLUDE_IN_FRAMEWORK_HEADER = YES;
				CLANG_WARN_RANGE_LOOP_ANALYSIS = YES;
				CLANG_WARN_STRICT_PROTOTYPES = YES;
				CLANG_WARN_SUSPICIOUS_MOVE = YES;
				CLANG_WARN_UNGUARDED_AVAILABILITY = YES_AGGRESSIVE;
				CLANG_WARN_UNREACHABLE_CODE = YES;
				CLANG_WARN__DUPLICATE_METHOD_MATCH = YES;
				COPY_PHASE_STRIP = NO;
				DEBUG_INFORMATION_FORMAT = dwarf;
				ENABLE_STRICT_OBJC_MSGSEND = YES;
				ENABLE_TESTABILITY = YES;
				GCC_C_LANGUAGE_STANDARD = gnu11;
				GCC_DYNAMIC_NO_PIC = NO;
				GCC_NO_COMMON_BLOCKS = YES;
				GCC_OPTIMIZATION_LEVEL = 0;
				GCC_PREPROCESSOR_DEFINITIONS = (
					"DEBUG=1",
					"$(inherited)",
				);
				GCC_WARN_64_TO_32_BIT_CONVERSION = YES;
				GCC_WARN_ABOUT_RETURN_TYPE = YES_ERROR;
				GCC_WARN_UNDECLARED_SELECTOR = YES;
				GCC_WARN_UNINITIALIZED_AUTOS = YES_AGGRESSIVE;
				GCC_WARN_UNUSED_FUNCTION = YES;
				GCC_WARN_UNUSED_VARIABLE = YES;
				IPHONEOS_DEPLOYMENT_TARGET = 15.0;
				MTL_ENABLE_DEBUG_INFO = INCLUDE_SOURCE;
				MTL_FAST_MATH = YES;
				ONLY_ACTIVE_ARCH = YES;
				SDKROOT = iphoneos;
				SWIFT_ACTIVE_COMPILATION_CONDITIONS = DEBUG;
				SWIFT_OPTIMIZATION_LEVEL = "-Onone";
			};
			name = Debug;
		};
		3CF1DF2E281833EB00632152 /* Release */ = {
			isa = XCBuildConfiguration;
			buildSettings = {
				ALWAYS_SEARCH_USER_PATHS = NO;
				CLANG_ANALYZER_NONNULL = YES;
				CLANG_ANALYZER_NUMBER_OBJECT_CONVERSION = YES_AGGRESSIVE;
				CLANG_CXX_LANGUAGE_STANDARD = "gnu++17";
				CLANG_ENABLE_MODULES = YES;
				CLANG_ENABLE_OBJC_ARC = YES;
				CLANG_ENABLE_OBJC_WEAK = YES;
				CLANG_WARN_BLOCK_CAPTURE_AUTORELEASING = YES;
				CLANG_WARN_BOOL_CONVERSION = YES;
				CLANG_WARN_COMMA = YES;
				CLANG_WARN_CONSTANT_CONVERSION = YES;
				CLANG_WARN_DEPRECATED_OBJC_IMPLEMENTATIONS = YES;
				CLANG_WARN_DIRECT_OBJC_ISA_USAGE = YES_ERROR;
				CLANG_WARN_DOCUMENTATION_COMMENTS = YES;
				CLANG_WARN_EMPTY_BODY = YES;
				CLANG_WARN_ENUM_CONVERSION = YES;
				CLANG_WARN_INFINITE_RECURSION = YES;
				CLANG_WARN_INT_CONVERSION = YES;
				CLANG_WARN_NON_LITERAL_NULL_CONVERSION = YES;
				CLANG_WARN_OBJC_IMPLICIT_RETAIN_SELF = YES;
				CLANG_WARN_OBJC_LITERAL_CONVERSION = YES;
				CLANG_WARN_OBJC_ROOT_CLASS = YES_ERROR;
				CLANG_WARN_QUOTED_INCLUDE_IN_FRAMEWORK_HEADER = YES;
				CLANG_WARN_RANGE_LOOP_ANALYSIS = YES;
				CLANG_WARN_STRICT_PROTOTYPES = YES;
				CLANG_WARN_SUSPICIOUS_MOVE = YES;
				CLANG_WARN_UNGUARDED_AVAILABILITY = YES_AGGRESSIVE;
				CLANG_WARN_UNREACHABLE_CODE = YES;
				CLANG_WARN__DUPLICATE_METHOD_MATCH = YES;
				COPY_PHASE_STRIP = NO;
				DEBUG_INFORMATION_FORMAT = "dwarf-with-dsym";
				ENABLE_NS_ASSERTIONS = NO;
				ENABLE_STRICT_OBJC_MSGSEND = YES;
				GCC_C_LANGUAGE_STANDARD = gnu11;
				GCC_NO_COMMON_BLOCKS = YES;
				GCC_WARN_64_TO_32_BIT_CONVERSION = YES;
				GCC_WARN_ABOUT_RETURN_TYPE = YES_ERROR;
				GCC_WARN_UNDECLARED_SELECTOR = YES;
				GCC_WARN_UNINITIALIZED_AUTOS = YES_AGGRESSIVE;
				GCC_WARN_UNUSED_FUNCTION = YES;
				GCC_WARN_UNUSED_VARIABLE = YES;
				IPHONEOS_DEPLOYMENT_TARGET = 15.0;
				MTL_ENABLE_DEBUG_INFO = NO;
				MTL_FAST_MATH = YES;
				SDKROOT = iphoneos;
				SWIFT_COMPILATION_MODE = wholemodule;
				SWIFT_OPTIMIZATION_LEVEL = "-O";
				VALIDATE_PRODUCT = YES;
			};
			name = Release;
		};
		3CF1DF30281833EB00632152 /* Debug */ = {
			isa = XCBuildConfiguration;
			buildSettings = {
				ASSETCATALOG_COMPILER_APPICON_NAME = AppIcon;
				ASSETCATALOG_COMPILER_GLOBAL_ACCENT_COLOR_NAME = AccentColor;
				CODE_SIGN_STYLE = Automatic;
				CURRENT_PROJECT_VERSION = 1;
				DEVELOPMENT_ASSET_PATHS = "\"DeliveryTracker/Preview Content\"";
				DEVELOPMENT_TEAM = WDVRK9UE68;
				ENABLE_PREVIEWS = YES;
				GENERATE_INFOPLIST_FILE = YES;
				INFOPLIST_KEY_UIApplicationSceneManifest_Generation = YES;
				INFOPLIST_KEY_UIApplicationSupportsIndirectInputEvents = YES;
				INFOPLIST_KEY_UILaunchScreen_Generation = YES;
				INFOPLIST_KEY_UISupportedInterfaceOrientations_iPad = "UIInterfaceOrientationPortrait UIInterfaceOrientationPortraitUpsideDown UIInterfaceOrientationLandscapeLeft UIInterfaceOrientationLandscapeRight";
				INFOPLIST_KEY_UISupportedInterfaceOrientations_iPhone = "UIInterfaceOrientationPortrait UIInterfaceOrientationLandscapeLeft UIInterfaceOrientationLandscapeRight";
				LD_RUNPATH_SEARCH_PATHS = (
					"$(inherited)",
					"@executable_path/Frameworks",
				);
				MARKETING_VERSION = 1.0;
				PRODUCT_BUNDLE_IDENTIFIER = com.adriantineo.DeliveryTracker;
				PRODUCT_NAME = "$(TARGET_NAME)";
				SWIFT_EMIT_LOC_STRINGS = YES;
				SWIFT_VERSION = 5.0;
				TARGETED_DEVICE_FAMILY = "1,2";
			};
			name = Debug;
		};
		3CF1DF31281833EB00632152 /* Release */ = {
			isa = XCBuildConfiguration;
			buildSettings = {
				ASSETCATALOG_COMPILER_APPICON_NAME = AppIcon;
				ASSETCATALOG_COMPILER_GLOBAL_ACCENT_COLOR_NAME = AccentColor;
				CODE_SIGN_STYLE = Automatic;
				CURRENT_PROJECT_VERSION = 1;
				DEVELOPMENT_ASSET_PATHS = "\"DeliveryTracker/Preview Content\"";
				DEVELOPMENT_TEAM = WDVRK9UE68;
				ENABLE_PREVIEWS = YES;
				GENERATE_INFOPLIST_FILE = YES;
				INFOPLIST_KEY_UIApplicationSceneManifest_Generation = YES;
				INFOPLIST_KEY_UIApplicationSupportsIndirectInputEvents = YES;
				INFOPLIST_KEY_UILaunchScreen_Generation = YES;
				INFOPLIST_KEY_UISupportedInterfaceOrientations_iPad = "UIInterfaceOrientationPortrait UIInterfaceOrientationPortraitUpsideDown UIInterfaceOrientationLandscapeLeft UIInterfaceOrientationLandscapeRight";
				INFOPLIST_KEY_UISupportedInterfaceOrientations_iPhone = "UIInterfaceOrientationPortrait UIInterfaceOrientationLandscapeLeft UIInterfaceOrientationLandscapeRight";
				LD_RUNPATH_SEARCH_PATHS = (
					"$(inherited)",
					"@executable_path/Frameworks",
				);
				MARKETING_VERSION = 1.0;
				PRODUCT_BUNDLE_IDENTIFIER = com.adriantineo.DeliveryTracker;
				PRODUCT_NAME = "$(TARGET_NAME)";
				SWIFT_EMIT_LOC_STRINGS = YES;
				SWIFT_VERSION = 5.0;
				TARGETED_DEVICE_FAMILY = "1,2";
			};
			name = Release;
		};
		3CF1DF33281833EB00632152 /* Debug */ = {
			isa = XCBuildConfiguration;
			buildSettings = {
				ALWAYS_EMBED_SWIFT_STANDARD_LIBRARIES = YES;
				BUNDLE_LOADER = "$(TEST_HOST)";
				CODE_SIGN_STYLE = Automatic;
				CURRENT_PROJECT_VERSION = 1;
				DEVELOPMENT_TEAM = WDVRK9UE68;
				GENERATE_INFOPLIST_FILE = YES;
				IPHONEOS_DEPLOYMENT_TARGET = 15.4;
				MARKETING_VERSION = 1.0;
				PRODUCT_BUNDLE_IDENTIFIER = com.adriantineo.DeliveryTrackerTests;
				PRODUCT_NAME = "$(TARGET_NAME)";
				SWIFT_EMIT_LOC_STRINGS = NO;
				SWIFT_VERSION = 5.0;
				TARGETED_DEVICE_FAMILY = "1,2";
				TEST_HOST = "$(BUILT_PRODUCTS_DIR)/DeliveryTracker.app/DeliveryTracker";
			};
			name = Debug;
		};
		3CF1DF34281833EB00632152 /* Release */ = {
			isa = XCBuildConfiguration;
			buildSettings = {
				ALWAYS_EMBED_SWIFT_STANDARD_LIBRARIES = YES;
				BUNDLE_LOADER = "$(TEST_HOST)";
				CODE_SIGN_STYLE = Automatic;
				CURRENT_PROJECT_VERSION = 1;
				DEVELOPMENT_TEAM = WDVRK9UE68;
				GENERATE_INFOPLIST_FILE = YES;
				IPHONEOS_DEPLOYMENT_TARGET = 15.4;
				MARKETING_VERSION = 1.0;
				PRODUCT_BUNDLE_IDENTIFIER = com.adriantineo.DeliveryTrackerTests;
				PRODUCT_NAME = "$(TARGET_NAME)";
				SWIFT_EMIT_LOC_STRINGS = NO;
				SWIFT_VERSION = 5.0;
				TARGETED_DEVICE_FAMILY = "1,2";
				TEST_HOST = "$(BUILT_PRODUCTS_DIR)/DeliveryTracker.app/DeliveryTracker";
			};
			name = Release;
		};
/* End XCBuildConfiguration section */

/* Begin XCConfigurationList section */
		3CF1DF06281833E900632152 /* Build configuration list for PBXProject "DeliveryTracker" */ = {
			isa = XCConfigurationList;
			buildConfigurations = (
				3CF1DF2D281833EB00632152 /* Debug */,
				3CF1DF2E281833EB00632152 /* Release */,
			);
			defaultConfigurationIsVisible = 0;
			defaultConfigurationName = Release;
		};
		3CF1DF2F281833EB00632152 /* Build configuration list for PBXNativeTarget "DeliveryTracker" */ = {
			isa = XCConfigurationList;
			buildConfigurations = (
				3CF1DF30281833EB00632152 /* Debug */,
				3CF1DF31281833EB00632152 /* Release */,
			);
			defaultConfigurationIsVisible = 0;
			defaultConfigurationName = Release;
		};
		3CF1DF32281833EB00632152 /* Build configuration list for PBXNativeTarget "DeliveryTrackerTests" */ = {
			isa = XCConfigurationList;
			buildConfigurations = (
				3CF1DF33281833EB00632152 /* Debug */,
				3CF1DF34281833EB00632152 /* Release */,
			);
			defaultConfigurationIsVisible = 0;
			defaultConfigurationName = Release;
		};
/* End XCConfigurationList section */
	};
	rootObject = 3CF1DF03281833E900632152 /* Project object */;
}
